{
  "name": "low-code",
  "version": "1.0.0",
  "lockfileVersion": 1,
  "requires": true,
  "dependencies": {
    "@babel/runtime": {
      "version": "7.12.5",
      "resolved": "http://artifactory.intra.xiaojukeji.com:80/artifactory/api/npm/npm/@babel/runtime/download/@babel/runtime-7.12.5.tgz",
      "integrity": "sha1-QQ5+SHRB4bNgwpvnFdhw2bmFiC4=",
      "requires": {
        "regenerator-runtime": "^0.13.4"
      }
    },
    "@types/file-saver": {
      "version": "2.0.1",
      "resolved": "http://artifactory.intra.xiaojukeji.com:80/artifactory/api/npm/npm/@types/file-saver/download/@types/file-saver-2.0.1.tgz",
      "integrity": "sha1-4Y64sGnkQve5VtMT9PrdPviHNU4="
    },
    "@types/node": {
      "version": "14.14.6",
      "resolved": "http://artifactory.intra.xiaojukeji.com:80/artifactory/api/npm/npm/@types/node/download/@types/node-14.14.6.tgz",
      "integrity": "sha1-FG09pXs8Y2zA0XaTls4c+omRFH8="
    },
    "@types/papaparse": {
      "version": "5.2.4",
      "resolved": "http://artifactory.intra.xiaojukeji.com:80/artifactory/api/npm/npm/@types/papaparse/download/@types/papaparse-5.2.4.tgz",
      "integrity": "sha1-aqZisI34T9HcNNs3hgAF6RJ0V/M=",
      "requires": {
        "@types/node": "*"
      }
    },
    "@types/prop-types": {
      "version": "15.7.3",
      "resolved": "http://artifactory.intra.xiaojukeji.com:80/artifactory/api/npm/npm/@types/prop-types/download/@types/prop-types-15.7.3.tgz",
      "integrity": "sha1-KrDV2i5YFflLC51LldHl8kOrLKc=",
      "dev": true
    },
    "@types/react": {
      "version": "16.9.55",
      "resolved": "http://artifactory.intra.xiaojukeji.com:80/artifactory/api/npm/npm/@types/react/download/@types/react-16.9.55.tgz",
      "integrity": "sha1-RweFh/W/4CiiO2tGx7lKwNQ2rP8=",
      "dev": true,
      "requires": {
        "@types/prop-types": "*",
        "csstype": "^3.0.2"
      }
    },
    "@types/react-dom": {
      "version": "16.9.9",
      "resolved": "http://artifactory.intra.xiaojukeji.com:80/artifactory/api/npm/npm/@types/react-dom/download/@types/react-dom-16.9.9.tgz",
      "integrity": "sha1-0tCm9yCgIGNpzL7/91K6N7lYMTY=",
      "dev": true,
      "requires": {
        "@types/react": "*"
      }
    },
    "add-dom-event-listener": {
      "version": "1.1.0",
      "resolved": "http://artifactory.intra.xiaojukeji.com:80/artifactory/api/npm/npm/add-dom-event-listener/download/add-dom-event-listener-1.1.0.tgz",
      "integrity": "sha1-apLbOg3Qq8JU4JXA8dwUrLuq4xA=",
      "requires": {
        "object-assign": "4.x"
      }
    },
    "amis": {
      "version": "1.0.18",
      "resolved": "http://artifactory.intra.xiaojukeji.com:80/artifactory/api/npm/npm/amis/download/amis-1.0.18.tgz",
      "integrity": "sha1-0G/hgjXaDX33qm2CsTp14zfp5QM=",
      "requires": {
        "@types/file-saver": "^2.0.1",
        "@types/papaparse": "^5.2.2",
        "async": "2.6.0",
        "attr-accept": "1.1.3",
        "autobind-decorator": "2.4.0",
        "blueimp-canvastoblob": "2.1.0",
        "classnames": "2.2.5",
        "dom-helpers": "^3.3.1",
        "downshift": "3.1.4",
        "echarts": "^4.1.0",
        "file-saver": "^2.0.2",
        "flv.js": "1.5.0",
        "froala-editor": "2.9.6",
        "history": "4.7.2",
        "hls.js": "0.12.2",
        "hoist-non-react-statics": "3.3.0",
        "jquery": "^3.2.1",
        "keycode": "^2.1.9",
        "lodash": "^4.17.15",
        "match-sorter": "2.2.1",
        "mobx": "^4.5.0",
        "mobx-react": "^6.1.4",
        "mobx-state-tree": "^3.7.0",
        "moment": "^2.19.3",
        "monaco-editor": "0.21.2",
        "papaparse": "^5.3.0",
        "prop-types": "^15.6.1",
        "qrcode.react": "^0.8.0",
        "qs": "6.5.1",
        "rc-input-number": "4.4.5",
        "react": "^16.8.6",
        "react-addons-update": "15.6.2",
        "react-color": "2.13.8",
        "react-cropper": "1.0.0",
        "react-datetime": "2.16.0",
        "react-dom": "^16.8.6",
        "react-dropzone": "10.1.10",
        "react-input-range": "1.2.1",
        "react-json-tree": "0.11.0",
        "react-overlays": "0.8.3",
        "react-progress-2": "^4.4.2",
        "react-select": "1.2.1",
        "react-textarea-autosize": "5.1.0",
        "react-transition-group": "2.9.0",
        "react-visibility-sensor": "3.11.0",
        "setimmediate": "1.0.5",
        "sortablejs": "1.10.0",
        "tinymce": "5.4.2",
        "tslib": "^1.10.0",
        "uncontrollable": "7.0.2",
        "video-react": "0.14.1"
      },
      "dependencies": {
        "attr-accept": {
          "version": "1.1.3",
          "resolved": "http://artifactory.intra.xiaojukeji.com:80/artifactory/api/npm/npm/attr-accept/download/attr-accept-1.1.3.tgz",
          "integrity": "sha1-SCMMefk3kO8ndfzsTw2w9dtBylI=",
          "requires": {
            "core-js": "^2.5.0"
          }
        },
        "dom-helpers": {
          "version": "3.4.0",
          "resolved": "http://artifactory.intra.xiaojukeji.com:80/artifactory/api/npm/npm/dom-helpers/download/dom-helpers-3.4.0.tgz",
          "integrity": "sha1-6bNpcA+Vn2Ls3lprq95LzNkWmvg=",
          "requires": {
            "@babel/runtime": "^7.1.2"
          },
          "dependencies": {
            "@babel/runtime": {
              "version": "7.12.5",
              "resolved": "http://artifactory.intra.xiaojukeji.com:80/artifactory/api/npm/npm/@babel/runtime/download/@babel/runtime-7.12.5.tgz",
              "integrity": "sha1-QQ5+SHRB4bNgwpvnFdhw2bmFiC4=",
              "requires": {
                "regenerator-runtime": "^0.13.4"
              }
            }
          }
        },
        "prop-types": {
          "version": "15.7.2",
          "resolved": "http://artifactory.intra.xiaojukeji.com:80/artifactory/api/npm/npm/prop-types/download/prop-types-15.7.2.tgz",
          "integrity": "sha1-UsQedbjIfnK52TYOAga5ncv/psU=",
          "requires": {
            "loose-envify": "^1.4.0",
            "object-assign": "^4.1.1",
            "react-is": "^16.8.1"
          }
        },
        "react": {
          "version": "16.14.0",
          "resolved": "http://artifactory.intra.xiaojukeji.com:80/artifactory/api/npm/npm/react/download/react-16.14.0.tgz",
          "integrity": "sha1-lNd23dCqo32j7aj8W2sYpMmjEU0=",
          "requires": {
            "loose-envify": "^1.1.0",
            "object-assign": "^4.1.1",
            "prop-types": "^15.6.2"
          }
        },
        "react-dom": {
          "version": "16.14.0",
          "resolved": "http://artifactory.intra.xiaojukeji.com:80/artifactory/api/npm/npm/react-dom/download/react-dom-16.14.0.tgz",
          "integrity": "sha1-etg47Cmnd/s8dcOhkPZhz5Kri4k=",
          "requires": {
            "loose-envify": "^1.1.0",
            "object-assign": "^4.1.1",
            "prop-types": "^15.6.2",
            "scheduler": "^0.19.1"
          }
        },
        "scheduler": {
          "version": "0.19.1",
          "resolved": "http://artifactory.intra.xiaojukeji.com:80/artifactory/api/npm/npm/scheduler/download/scheduler-0.19.1.tgz",
          "integrity": "sha1-Tz4u0sGn1laB9MhU+oxaHMtA8ZY=",
          "requires": {
            "loose-envify": "^1.1.0",
            "object-assign": "^4.1.1"
          }
        }
      }
    },
    "asap": {
      "version": "2.0.6",
      "resolved": "http://artifactory.intra.xiaojukeji.com:80/artifactory/api/npm/npm/asap/download/asap-2.0.6.tgz",
      "integrity": "sha1-5QNHYR1+aQlDIIu9r+vLwvuGbUY="
    },
    "async": {
      "version": "2.6.0",
      "resolved": "http://artifactory.intra.xiaojukeji.com:80/artifactory/api/npm/npm/async/download/async-2.6.0.tgz",
      "integrity": "sha1-YaKau2/MAm/qd+VtHG7FOnlZUfQ=",
      "requires": {
        "lodash": "^4.14.0"
      }
    },
    "attr-accept": {
      "version": "1.1.3",
      "resolved": "http://artifactory.intra.xiaojukeji.com:80/artifactory/api/npm/npm/attr-accept/download/attr-accept-1.1.3.tgz",
      "integrity": "sha1-SCMMefk3kO8ndfzsTw2w9dtBylI=",
      "requires": {
        "core-js": "^2.5.0"
      }
    },
    "autobind-decorator": {
      "version": "2.4.0",
      "resolved": "http://artifactory.intra.xiaojukeji.com:80/artifactory/api/npm/npm/autobind-decorator/download/autobind-decorator-2.4.0.tgz",
      "integrity": "sha1-6p4cmHCM87WzVvfPnxDyZf8YI5w="
    },
    "axios": {
      "version": "0.21.0",
      "resolved": "http://artifactory.intra.xiaojukeji.com:80/artifactory/api/npm/npm/axios/download/axios-0.21.0.tgz",
      "integrity": "sha1-Jt8IiAOiNQ3/LCf5b++Z/klEKso=",
      "requires": {
        "follow-redirects": "^1.10.0"
      }
    },
    "babel-runtime": {
      "version": "6.26.0",
      "resolved": "http://artifactory.intra.xiaojukeji.com:80/artifactory/api/npm/npm/babel-runtime/download/babel-runtime-6.26.0.tgz",
      "integrity": "sha1-llxwWGaOgrVde/4E/yM3vItWR/4=",
      "requires": {
        "core-js": "^2.4.0",
        "regenerator-runtime": "^0.11.0"
      },
      "dependencies": {
        "regenerator-runtime": {
          "version": "0.11.1",
          "resolved": "http://artifactory.intra.xiaojukeji.com:80/artifactory/api/npm/npm/regenerator-runtime/download/regenerator-runtime-0.11.1.tgz",
          "integrity": "sha1-vgWtf5v30i4Fb5cmzuUBf78Z4uk="
        }
      }
    },
    "base16": {
      "version": "1.0.0",
      "resolved": "http://artifactory.intra.xiaojukeji.com:80/artifactory/api/npm/npm/base16/download/base16-1.0.0.tgz",
      "integrity": "sha1-4pf2DX7BAUp6lxo568ipjAtoHnA="
    },
    "blueimp-canvastoblob": {
      "version": "2.1.0",
      "resolved": "http://artifactory.intra.xiaojukeji.com:80/artifactory/api/npm/npm/blueimp-canvastoblob/download/blueimp-canvastoblob-2.1.0.tgz",
      "integrity": "sha1-ACpvIJiQy1GAZAgw1afodaYrUaA="
    },
    "classnames": {
      "version": "2.2.5",
      "resolved": "http://artifactory.intra.xiaojukeji.com:80/artifactory/api/npm/npm/classnames/download/classnames-2.2.5.tgz",
      "integrity": "sha1-+zgB1FNGdknvNgPH1hoCvRKb3m0="
    },
    "compute-scroll-into-view": {
      "version": "1.0.16",
      "resolved": "http://artifactory.intra.xiaojukeji.com:80/artifactory/api/npm/npm/compute-scroll-into-view/download/compute-scroll-into-view-1.0.16.tgz",
      "integrity": "sha1-W3v09xJ+osGbdQNT185ndqkO4Ig="
    },
    "copy-to-clipboard": {
      "version": "3.3.1",
      "resolved": "http://artifactory.intra.xiaojukeji.com:80/artifactory/api/npm/npm/copy-to-clipboard/download/copy-to-clipboard-3.3.1.tgz",
      "integrity": "sha1-EVqhqZmP+rYZb5MHatbaO5E2Yq4=",
      "requires": {
        "toggle-selection": "^1.0.6"
      }
    },
    "core-js": {
      "version": "2.6.11",
      "resolved": "http://artifactory.intra.xiaojukeji.com:80/artifactory/api/npm/npm/core-js/download/core-js-2.6.11.tgz",
      "integrity": "sha1-OIMUafmSK97Y7iHJ3EaYXgOZMIw="
    },
    "create-react-class": {
      "version": "15.7.0",
      "resolved": "http://artifactory.intra.xiaojukeji.com:80/artifactory/api/npm/npm/create-react-class/download/create-react-class-15.7.0.tgz",
      "integrity": "sha1-dJnXyi5pu1HRP69ZvQTwxlodbB4=",
      "requires": {
        "loose-envify": "^1.3.1",
        "object-assign": "^4.1.1"
      }
    },
    "cropperjs": {
      "version": "1.0.0-rc.3",
      "resolved": "http://artifactory.intra.xiaojukeji.com:80/artifactory/api/npm/npm/cropperjs/download/cropperjs-1.0.0-rc.3.tgz",
      "integrity": "sha1-UKfHYRvvxEJwL4Re3nfX30Vy6Cs="
    },
    "csstype": {
      "version": "3.0.4",
      "resolved": "http://artifactory.intra.xiaojukeji.com:80/artifactory/api/npm/npm/csstype/download/csstype-3.0.4.tgz",
      "integrity": "sha1-sVbXvgO4T/QlyaCkseX02pxcqIg=",
      "dev": true
    },
    "dom-helpers": {
      "version": "3.4.0",
      "resolved": "http://artifactory.intra.xiaojukeji.com:80/artifactory/api/npm/npm/dom-helpers/download/dom-helpers-3.4.0.tgz",
      "integrity": "sha1-6bNpcA+Vn2Ls3lprq95LzNkWmvg=",
      "requires": {
        "@babel/runtime": "^7.1.2"
      }
    },
    "downshift": {
      "version": "3.1.4",
      "resolved": "http://artifactory.intra.xiaojukeji.com:80/artifactory/api/npm/npm/downshift/download/downshift-3.1.4.tgz",
      "integrity": "sha1-TJnmKzmljwIZNewdbvZKzhW5xrM=",
      "requires": {
        "@babel/runtime": "^7.1.2",
        "compute-scroll-into-view": "^1.0.9",
        "prop-types": "^15.6.0",
        "react-is": "^16.5.2"
      }
    },
    "echarts": {
      "version": "4.9.0",
      "resolved": "http://artifactory.intra.xiaojukeji.com:80/artifactory/api/npm/npm/echarts/download/echarts-4.9.0.tgz",
      "integrity": "sha1-qbm6oD8Doqcx5jQMVb77V6nhNH0=",
      "requires": {
        "zrender": "4.3.2"
      }
    },
    "encoding": {
      "version": "0.1.13",
      "resolved": "http://artifactory.intra.xiaojukeji.com:80/artifactory/api/npm/npm/encoding/download/encoding-0.1.13.tgz",
      "integrity": "sha1-VldK/deR9UqOmyeFwFgqLSYhD6k=",
      "requires": {
        "iconv-lite": "^0.6.2"
      }
    },
    "es6-promise": {
      "version": "4.2.8",
      "resolved": "http://artifactory.intra.xiaojukeji.com:80/artifactory/api/npm/npm/es6-promise/download/es6-promise-4.2.8.tgz",
      "integrity": "sha1-TrIVlMlyvEBVPSduUQU5FD21Pgo="
    },
    "eventemitter3": {
      "version": "3.1.0",
      "resolved": "http://artifactory.intra.xiaojukeji.com:80/artifactory/api/npm/npm/eventemitter3/download/eventemitter3-3.1.0.tgz",
      "integrity": "sha1-CQtNbNvWRe0Qv3UNS1QHlC17oWM="
    },
    "fbjs": {
      "version": "0.8.17",
      "resolved": "http://artifactory.intra.xiaojukeji.com:80/artifactory/api/npm/npm/fbjs/download/fbjs-0.8.17.tgz",
      "integrity": "sha1-xNWY6taUkRJlPWWIsBpc3Nn5D90=",
      "requires": {
        "core-js": "^1.0.0",
        "isomorphic-fetch": "^2.1.1",
        "loose-envify": "^1.0.0",
        "object-assign": "^4.1.0",
        "promise": "^7.1.1",
        "setimmediate": "^1.0.5",
        "ua-parser-js": "^0.7.18"
      },
      "dependencies": {
        "core-js": {
          "version": "1.2.7",
          "resolved": "http://artifactory.intra.xiaojukeji.com:80/artifactory/api/npm/npm/core-js/download/core-js-1.2.7.tgz",
          "integrity": "sha1-ZSKUwUZR2yj6k70tX/KYOk8IxjY="
        }
      }
    },
    "file-saver": {
      "version": "2.0.2",
      "resolved": "http://artifactory.intra.xiaojukeji.com:80/artifactory/api/npm/npm/file-saver/download/file-saver-2.0.2.tgz",
      "integrity": "sha1-BtbnKKnqLfLM4vjZ6E383DOOwXo="
    },
    "file-selector": {
      "version": "0.1.17",
      "resolved": "http://artifactory.intra.xiaojukeji.com:80/artifactory/api/npm/npm/file-selector/download/file-selector-0.1.17.tgz",
      "integrity": "sha1-dgn1UTa3TyRLKO4FgGbmmJyTI6g=",
      "requires": {
        "tslib": "^2.0.1"
      },
      "dependencies": {
        "tslib": {
          "version": "2.0.3",
          "resolved": "http://artifactory.intra.xiaojukeji.com:80/artifactory/api/npm/npm/tslib/download/tslib-2.0.3.tgz",
          "integrity": "sha1-jgdBrEX8DCJuWKF7/D5kubxsphw="
        }
      }
    },
    "flv.js": {
      "version": "1.5.0",
      "resolved": "http://artifactory.intra.xiaojukeji.com:80/artifactory/api/npm/npm/flv.js/download/flv.js-1.5.0.tgz",
      "integrity": "sha1-+lm+1DkdcENc+odArEDsAHDvmK4=",
      "requires": {
        "es6-promise": "^4.2.5",
        "webworkify": "^1.5.0"
      }
    },
    "follow-redirects": {
      "version": "1.13.0",
      "resolved": "http://artifactory.intra.xiaojukeji.com:80/artifactory/api/npm/npm/follow-redirects/download/follow-redirects-1.13.0.tgz",
      "integrity": "sha1-tC6Nk6Kn7qXtiGM2dtZZe8jjhNs="
    },
    "font-awesome": {
      "version": "4.7.0",
      "resolved": "http://artifactory.intra.xiaojukeji.com:80/artifactory/api/npm/npm/font-awesome/download/font-awesome-4.7.0.tgz",
      "integrity": "sha1-j6jPBBGhoxr9B7BtKQK7n8gVoTM="
    },
    "froala-editor": {
      "version": "2.9.6",
      "resolved": "http://artifactory.intra.xiaojukeji.com:80/artifactory/api/npm/npm/froala-editor/download/froala-editor-2.9.6.tgz",
      "integrity": "sha1-KXuNKDbpx9f5/zKdALMWqCstop4=",
      "requires": {
        "font-awesome": ">=4.4.0",
        "jquery": ">=1.11.0"
      }
    },
    "history": {
      "version": "4.7.2",
      "resolved": "http://artifactory.intra.xiaojukeji.com:80/artifactory/api/npm/npm/history/download/history-4.7.2.tgz",
      "integrity": "sha1-IrXH8xYzxbgCHH9KipVKwTnujVs=",
      "requires": {
        "invariant": "^2.2.1",
        "loose-envify": "^1.2.0",
        "resolve-pathname": "^2.2.0",
        "value-equal": "^0.4.0",
        "warning": "^3.0.0"
      }
    },
    "hls.js": {
      "version": "0.12.2",
      "resolved": "http://artifactory.intra.xiaojukeji.com:80/artifactory/api/npm/npm/hls.js/download/hls.js-0.12.2.tgz",
      "integrity": "sha1-ZKlpp4zCWZHtXeGTV7HcPxeKwjs=",
      "requires": {
        "eventemitter3": "3.1.0",
        "url-toolkit": "^2.1.6"
      }
    },
    "hoist-non-react-statics": {
      "version": "3.3.0",
      "resolved": "http://artifactory.intra.xiaojukeji.com:80/artifactory/api/npm/npm/hoist-non-react-statics/download/hoist-non-react-statics-3.3.0.tgz",
      "integrity": "sha1-sJF48BIhhPuVrPUl2q7LTY9FlYs=",
      "requires": {
        "react-is": "^16.7.0"
      }
    },
    "iconv-lite": {
      "version": "0.6.2",
      "resolved": "http://artifactory.intra.xiaojukeji.com:80/artifactory/api/npm/npm/iconv-lite/download/iconv-lite-0.6.2.tgz",
      "integrity": "sha1-zhPRh1sMOmdL1qBLf3awGxtt7QE=",
      "requires": {
        "safer-buffer": ">= 2.1.2 < 3.0.0"
      }
    },
    "invariant": {
      "version": "2.2.4",
      "resolved": "http://artifactory.intra.xiaojukeji.com:80/artifactory/api/npm/npm/invariant/download/invariant-2.2.4.tgz",
      "integrity": "sha1-YQ88ksk1nOHbYW5TgAjSP/NRWOY=",
      "requires": {
        "loose-envify": "^1.0.0"
      }
    },
    "is-stream": {
      "version": "1.1.0",
      "resolved": "http://artifactory.intra.xiaojukeji.com:80/artifactory/api/npm/npm/is-stream/download/is-stream-1.1.0.tgz",
      "integrity": "sha1-EtSj3U5o4Lec6428hBc66A2RykQ="
    },
    "isomorphic-fetch": {
      "version": "2.2.1",
      "resolved": "http://artifactory.intra.xiaojukeji.com:80/artifactory/api/npm/npm/isomorphic-fetch/download/isomorphic-fetch-2.2.1.tgz",
      "integrity": "sha1-YRrhrPFPXoH3KVB0coGf6XM1WKk=",
      "requires": {
        "node-fetch": "^1.0.1",
        "whatwg-fetch": ">=0.10.0"
      }
    },
    "jquery": {
      "version": "3.5.1",
      "resolved": "http://artifactory.intra.xiaojukeji.com:80/artifactory/api/npm/npm/jquery/download/jquery-3.5.1.tgz",
      "integrity": "sha1-17TQjhv9uGrS8aPQOeoXMEcXq7U="
    },
    "js-tokens": {
      "version": "4.0.0",
      "resolved": "http://artifactory.intra.xiaojukeji.com:80/artifactory/api/npm/npm/js-tokens/download/js-tokens-4.0.0.tgz",
      "integrity": "sha1-GSA/tZmR35jjoocFDUZHzerzJJk="
    },
    "keycode": {
      "version": "2.2.0",
      "resolved": "http://artifactory.intra.xiaojukeji.com:80/artifactory/api/npm/npm/keycode/download/keycode-2.2.0.tgz",
      "integrity": "sha1-PQr1bce4uOXLqNCpfxByBO7CKwQ="
    },
    "lodash": {
      "version": "4.17.20",
      "resolved": "http://artifactory.intra.xiaojukeji.com:80/artifactory/api/npm/npm/lodash/download/lodash-4.17.20.tgz",
      "integrity": "sha1-tEqbYpe8tpjxxRo1RaKzs2jVnFI="
    },
    "lodash.curry": {
      "version": "4.1.1",
      "resolved": "http://artifactory.intra.xiaojukeji.com:80/artifactory/api/npm/npm/lodash.curry/download/lodash.curry-4.1.1.tgz",
      "integrity": "sha1-JI42By7ekGUB11lmIAqG2riyMXA="
    },
    "lodash.flow": {
      "version": "3.5.0",
      "resolved": "http://artifactory.intra.xiaojukeji.com:80/artifactory/api/npm/npm/lodash.flow/download/lodash.flow-3.5.0.tgz",
      "integrity": "sha1-h79AKSuM+D5OjOGjrkIJ4gBxZ1o="
    },
    "lodash.throttle": {
      "version": "4.1.1",
      "resolved": "http://artifactory.intra.xiaojukeji.com:80/artifactory/api/npm/npm/lodash.throttle/download/lodash.throttle-4.1.1.tgz",
      "integrity": "sha1-wj6RtxAkKscMN/HhzaknTMOb8vQ="
    },
    "loose-envify": {
      "version": "1.4.0",
      "resolved": "http://artifactory.intra.xiaojukeji.com:80/artifactory/api/npm/npm/loose-envify/download/loose-envify-1.4.0.tgz",
      "integrity": "sha1-ce5R+nvkyuwaY4OffmgtgTLTDK8=",
      "requires": {
        "js-tokens": "^3.0.0 || ^4.0.0"
      }
    },
    "match-sorter": {
      "version": "2.2.1",
      "resolved": "http://artifactory.intra.xiaojukeji.com:80/artifactory/api/npm/npm/match-sorter/download/match-sorter-2.2.1.tgz",
      "integrity": "sha1-iZpbkA9IVSBLwtOqjLI7oW/FKNw=",
      "requires": {
        "diacritic": "0.0.2"
      },
      "dependencies": {
        "diacritic": {
          "version": "0.0.2",
          "bundled": true
        }
      }
    },
    "material-colors": {
      "version": "1.2.6",
      "resolved": "http://artifactory.intra.xiaojukeji.com:80/artifactory/api/npm/npm/material-colors/download/material-colors-1.2.6.tgz",
      "integrity": "sha1-bRlYhxEmmSzuzHL0vMTY8BCGX0Y="
    },
    "mobx": {
      "version": "4.15.7",
      "resolved": "http://artifactory.intra.xiaojukeji.com:80/artifactory/api/npm/npm/mobx/download/mobx-4.15.7.tgz",
      "integrity": "sha1-kzKBJow7Rli2zyUm6HLPeOpIq5U="
    },
    "mobx-react": {
      "version": "6.3.1",
      "resolved": "http://artifactory.intra.xiaojukeji.com:80/artifactory/api/npm/npm/mobx-react/download/mobx-react-6.3.1.tgz",
      "integrity": "sha1-IE+XVuQuGdkctlmINwY7fn3ofFI=",
      "requires": {
        "mobx-react-lite": "^2.2.0"
      }
    },
    "mobx-react-lite": {
      "version": "2.2.2",
      "resolved": "http://artifactory.intra.xiaojukeji.com:80/artifactory/api/npm/npm/mobx-react-lite/download/mobx-react-lite-2.2.2.tgz",
      "integrity": "sha1-h8IX3HK05HsiST2vFV2vN1n4aKY="
    },
    "mobx-state-tree": {
      "version": "3.17.2",
      "resolved": "http://artifactory.intra.xiaojukeji.com:80/artifactory/api/npm/npm/mobx-state-tree/download/mobx-state-tree-3.17.2.tgz",
      "integrity": "sha1-Ewq01FD8TdbiVxtzha8TUMgt7zc="
    },
    "moment": {
      "version": "2.29.1",
      "resolved": "http://artifactory.intra.xiaojukeji.com:80/artifactory/api/npm/npm/moment/download/moment-2.29.1.tgz",
      "integrity": "sha1-sr52n6MZQL6e7qZGnAdeNQBvo9M="
    },
    "monaco-editor": {
      "version": "0.21.2",
      "resolved": "http://artifactory.intra.xiaojukeji.com:80/artifactory/api/npm/npm/monaco-editor/download/monaco-editor-0.21.2.tgz",
      "integrity": "sha1-NwVOY+SA1Rot0X1gnc+xkjBNVgU="
    },
    "node-fetch": {
      "version": "1.7.3",
      "resolved": "http://artifactory.intra.xiaojukeji.com:80/artifactory/api/npm/npm/node-fetch/download/node-fetch-1.7.3.tgz",
      "integrity": "sha1-mA9vcthSEaU0fGsrwYxbhMPrR+8=",
      "requires": {
        "encoding": "^0.1.11",
        "is-stream": "^1.0.1"
      }
    },
    "object-assign": {
      "version": "4.1.1",
      "resolved": "http://artifactory.intra.xiaojukeji.com:80/artifactory/api/npm/npm/object-assign/download/object-assign-4.1.1.tgz",
      "integrity": "sha1-IQmtx5ZYh8/AXLvUQsrIv7s2CGM="
    },
    "papaparse": {
      "version": "5.3.0",
      "resolved": "http://artifactory.intra.xiaojukeji.com:80/artifactory/api/npm/npm/papaparse/download/papaparse-5.3.0.tgz",
      "integrity": "sha1-qxcC/rlueatDCWUvNtuVNlY60Fo="
    },
    "promise": {
      "version": "7.3.1",
      "resolved": "http://artifactory.intra.xiaojukeji.com:80/artifactory/api/npm/npm/promise/download/promise-7.3.1.tgz",
      "integrity": "sha1-BktyYCsY+Q8pGSuLG8QY/9Hr078=",
      "requires": {
        "asap": "~2.0.3"
      }
    },
    "prop-types": {
      "version": "15.7.2",
      "resolved": "http://artifactory.intra.xiaojukeji.com:80/artifactory/api/npm/npm/prop-types/download/prop-types-15.7.2.tgz",
      "integrity": "sha1-UsQedbjIfnK52TYOAga5ncv/psU=",
      "requires": {
        "loose-envify": "^1.4.0",
        "object-assign": "^4.1.1",
        "react-is": "^16.8.1"
      }
    },
    "prop-types-extra": {
      "version": "1.1.1",
      "resolved": "http://artifactory.intra.xiaojukeji.com:80/artifactory/api/npm/npm/prop-types-extra/download/prop-types-extra-1.1.1.tgz",
      "integrity": "sha1-WMO3TL+7ldMEYll1qi8ISDKaAQs=",
      "requires": {
        "react-is": "^16.3.2",
        "warning": "^4.0.0"
      },
      "dependencies": {
        "warning": {
          "version": "4.0.3",
          "resolved": "http://artifactory.intra.xiaojukeji.com:80/artifactory/api/npm/npm/warning/download/warning-4.0.3.tgz",
          "integrity": "sha1-Fungd+uKhtavfWSqHgX9hbRnjKM=",
          "requires": {
            "loose-envify": "^1.0.0"
          }
        }
      }
    },
    "pure-color": {
      "version": "1.3.0",
      "resolved": "http://artifactory.intra.xiaojukeji.com:80/artifactory/api/npm/npm/pure-color/download/pure-color-1.3.0.tgz",
      "integrity": "sha1-H+Bk+wrIUfDeYTIKi/eWg2Qi8z4="
    },
    "qr.js": {
      "version": "0.0.0",
      "resolved": "http://artifactory.intra.xiaojukeji.com:80/artifactory/api/npm/npm/qr.js/download/qr.js-0.0.0.tgz",
      "integrity": "sha1-ys6GOG9ZoNuAUPqQ2baw6IoeNk8="
    },
    "qrcode.react": {
      "version": "0.8.0",
      "resolved": "http://artifactory.intra.xiaojukeji.com:80/artifactory/api/npm/npm/qrcode.react/download/qrcode.react-0.8.0.tgz",
      "integrity": "sha1-QTsxzDtikQ45UT976tlF4BxMNPs=",
      "requires": {
        "prop-types": "^15.6.0",
        "qr.js": "0.0.0"
      }
    },
    "qs": {
      "version": "6.5.1",
      "resolved": "http://artifactory.intra.xiaojukeji.com:80/artifactory/api/npm/npm/qs/download/qs-6.5.1.tgz",
      "integrity": "sha1-NJzfbu+J7EXBLX1es/wMhwNDptg="
    },
    "rc-input-number": {
      "version": "4.4.5",
      "resolved": "http://artifactory.intra.xiaojukeji.com:80/artifactory/api/npm/npm/rc-input-number/download/rc-input-number-4.4.5.tgz",
      "integrity": "sha1-gUc9KIWmsxLkhsTyuj9EHBq4hSA=",
      "requires": {
        "babel-runtime": "6.x",
        "classnames": "^2.2.0",
        "prop-types": "^15.5.7",
        "rc-util": "^4.5.1",
        "rmc-feedback": "^2.0.0"
      }
    },
    "rc-util": {
      "version": "4.21.1",
      "resolved": "http://artifactory.intra.xiaojukeji.com:80/artifactory/api/npm/npm/rc-util/download/rc-util-4.21.1.tgz",
      "integrity": "sha1-iGAtDDGFAgqhBT2aHnDqwWG+ywU=",
      "requires": {
        "add-dom-event-listener": "^1.1.0",
        "prop-types": "^15.5.10",
        "react-is": "^16.12.0",
        "react-lifecycles-compat": "^3.0.4",
        "shallowequal": "^1.1.0"
      }
    },
    "react": {
      "version": "17.0.1",
      "resolved": "http://artifactory.intra.xiaojukeji.com:80/artifactory/api/npm/npm/react/download/react-17.0.1.tgz",
      "integrity": "sha1-bgYAQWvVdXTj+G2S7bo9kAhyYSc=",
      "requires": {
        "loose-envify": "^1.1.0",
        "object-assign": "^4.1.1"
      }
    },
    "react-addons-update": {
      "version": "15.6.2",
      "resolved": "http://artifactory.intra.xiaojukeji.com:80/artifactory/api/npm/npm/react-addons-update/download/react-addons-update-15.6.2.tgz",
      "integrity": "sha1-5TdTxbNIh5dFEMiC1/sHWFHV5QQ=",
      "requires": {
        "fbjs": "^0.8.9",
        "object-assign": "^4.1.0"
      }
    },
    "react-base16-styling": {
      "version": "0.5.3",
      "resolved": "http://artifactory.intra.xiaojukeji.com:80/artifactory/api/npm/npm/react-base16-styling/download/react-base16-styling-0.5.3.tgz",
      "integrity": "sha1-OFjyTpxN2MvT9wLz901YHKKRcmk=",
      "requires": {
        "base16": "^1.0.0",
        "lodash.curry": "^4.0.1",
        "lodash.flow": "^3.3.0",
        "pure-color": "^1.2.0"
      }
    },
    "react-color": {
      "version": "2.13.8",
      "resolved": "http://artifactory.intra.xiaojukeji.com:80/artifactory/api/npm/npm/react-color/download/react-color-2.13.8.tgz",
      "integrity": "sha1-vMWPeaciub/DfEAuaM0Y8mlwruQ=",
      "requires": {
        "lodash": "^4.0.1",
        "material-colors": "^1.2.1",
        "prop-types": "^15.5.10",
        "reactcss": "^1.2.0",
        "tinycolor2": "^1.4.1"
      }
    },
    "react-cropper": {
      "version": "1.0.0",
      "resolved": "http://artifactory.intra.xiaojukeji.com:80/artifactory/api/npm/npm/react-cropper/download/react-cropper-1.0.0.tgz",
      "integrity": "sha1-e2WoW7/NZPpYa+JXQrPxajeEdBQ=",
      "requires": {
        "cropperjs": "v1.0.0-rc.3",
        "prop-types": "^15.5.8"
      }
    },
    "react-datetime": {
      "version": "2.16.0",
      "resolved": "http://artifactory.intra.xiaojukeji.com:80/artifactory/api/npm/npm/react-datetime/download/react-datetime-2.16.0.tgz",
      "integrity": "sha1-2gLGjhgXt85mFE5ogJDREbTptuY=",
      "requires": {
        "create-react-class": "^15.5.2",
        "object-assign": "^3.0.0",
        "prop-types": "^15.5.7",
        "react-onclickoutside": "^6.5.0"
      },
      "dependencies": {
        "object-assign": {
          "version": "3.0.0",
          "resolved": "http://artifactory.intra.xiaojukeji.com:80/artifactory/api/npm/npm/object-assign/download/object-assign-3.0.0.tgz",
          "integrity": "sha1-m+3VygiXlJvKR+f/QIBi1Un1h/I="
        }
      }
    },
    "react-dom": {
      "version": "17.0.1",
      "resolved": "http://artifactory.intra.xiaojukeji.com:80/artifactory/api/npm/npm/react-dom/download/react-dom-17.0.1.tgz",
      "integrity": "sha1-HeJWBHTsnw4zQoVmLt5S28VCb8Y=",
      "requires": {
        "loose-envify": "^1.1.0",
        "object-assign": "^4.1.1",
        "scheduler": "^0.20.1"
      }
    },
    "react-dropzone": {
      "version": "10.1.10",
      "resolved": "http://artifactory.intra.xiaojukeji.com:80/artifactory/api/npm/npm/react-dropzone/download/react-dropzone-10.1.10.tgz",
      "integrity": "sha1-80ApDfwmrAmtaKvAIKtiMsI9bPM=",
      "requires": {
        "attr-accept": "^1.1.3",
        "file-selector": "^0.1.11",
        "prop-types": "^15.7.2"
      }
    },
    "react-input-autosize": {
      "version": "2.2.2",
      "resolved": "http://artifactory.intra.xiaojukeji.com:80/artifactory/api/npm/npm/react-input-autosize/download/react-input-autosize-2.2.2.tgz",
      "integrity": "sha1-/KpwIFaOwga8BL429Oto5kfE2MI=",
      "requires": {
        "prop-types": "^15.5.8"
      }
    },
    "react-input-range": {
      "version": "1.2.1",
      "resolved": "http://artifactory.intra.xiaojukeji.com:80/artifactory/api/npm/npm/react-input-range/download/react-input-range-1.2.1.tgz",
      "integrity": "sha1-EP9fwexqudleFc3evm9oedssM4Y=",
      "requires": {
        "autobind-decorator": "^1.3.4",
        "prop-types": "^15.5.8"
      },
      "dependencies": {
        "autobind-decorator": {
          "version": "1.4.3",
          "resolved": "http://artifactory.intra.xiaojukeji.com:80/artifactory/api/npm/npm/autobind-decorator/download/autobind-decorator-1.4.3.tgz",
          "integrity": "sha1-TJb/p3sQYi7eJPEQ9du/VmkUF9E="
        }
      }
    },
    "react-is": {
      "version": "16.13.1",
      "resolved": "http://artifactory.intra.xiaojukeji.com:80/artifactory/api/npm/npm/react-is/download/react-is-16.13.1.tgz",
      "integrity": "sha1-eJcppNw23imZ3BVt1sHZwYzqVqQ="
    },
    "react-json-tree": {
      "version": "0.11.0",
      "resolved": "http://artifactory.intra.xiaojukeji.com:80/artifactory/api/npm/npm/react-json-tree/download/react-json-tree-0.11.0.tgz",
      "integrity": "sha1-9bF+gzKanHauOL5cBP2jp/1oSjU=",
      "requires": {
        "babel-runtime": "^6.6.1",
        "prop-types": "^15.5.8",
        "react-base16-styling": "^0.5.1"
      }
    },
    "react-lifecycles-compat": {
      "version": "3.0.4",
      "resolved": "http://artifactory.intra.xiaojukeji.com:80/artifactory/api/npm/npm/react-lifecycles-compat/download/react-lifecycles-compat-3.0.4.tgz",
      "integrity": "sha1-TxonOv38jzSIqMUWv9p4+HI1I2I="
    },
    "react-onclickoutside": {
      "version": "6.9.0",
      "resolved": "http://artifactory.intra.xiaojukeji.com:80/artifactory/api/npm/npm/react-onclickoutside/download/react-onclickoutside-6.9.0.tgz",
      "integrity": "sha1-pUvDF66M9hMaXXis6lWhEGfzeh8="
    },
    "react-overlays": {
      "version": "0.8.3",
      "resolved": "http://artifactory.intra.xiaojukeji.com:80/artifactory/api/npm/npm/react-overlays/download/react-overlays-0.8.3.tgz",
      "integrity": "sha1-+tZe6lskMBzKGSoWn13dsLINOsU=",
      "requires": {
        "classnames": "^2.2.5",
        "dom-helpers": "^3.2.1",
        "prop-types": "^15.5.10",
        "prop-types-extra": "^1.0.1",
        "react-transition-group": "^2.2.0",
        "warning": "^3.0.0"
      }
    },
    "react-progress-2": {
      "version": "4.4.3",
      "resolved": "http://artifactory.intra.xiaojukeji.com:80/artifactory/api/npm/npm/react-progress-2/download/react-progress-2-4.4.3.tgz",
      "integrity": "sha1-vN+XyZqsc+vPUGHwXsG6ObVH6lg="
    },
    "react-select": {
      "version": "1.2.1",
      "resolved": "http://artifactory.intra.xiaojukeji.com:80/artifactory/api/npm/npm/react-select/download/react-select-1.2.1.tgz",
      "integrity": "sha1-ov5YpWnrFNyqZUOBYmC5flOBINE=",
      "requires": {
        "classnames": "^2.2.4",
        "prop-types": "^15.5.8",
        "react-input-autosize": "^2.1.2"
      }
    },
    "react-textarea-autosize": {
      "version": "5.1.0",
      "resolved": "http://artifactory.intra.xiaojukeji.com:80/artifactory/api/npm/npm/react-textarea-autosize/download/react-textarea-autosize-5.1.0.tgz",
      "integrity": "sha1-/7+BZPziF8eUQ8HBfe33MFkt8iQ=",
      "requires": {
        "prop-types": "^15.5.10"
      }
    },
    "react-transition-group": {
      "version": "2.9.0",
      "resolved": "http://artifactory.intra.xiaojukeji.com:80/artifactory/api/npm/npm/react-transition-group/download/react-transition-group-2.9.0.tgz",
      "integrity": "sha1-35zbAleWIRFRpDbGmo87l7WwfI0=",
      "requires": {
        "dom-helpers": "^3.4.0",
        "loose-envify": "^1.4.0",
        "prop-types": "^15.6.2",
        "react-lifecycles-compat": "^3.0.4"
      }
    },
    "react-visibility-sensor": {
      "version": "3.11.0",
      "resolved": "http://artifactory.intra.xiaojukeji.com:80/artifactory/api/npm/npm/react-visibility-sensor/download/react-visibility-sensor-3.11.0.tgz",
      "integrity": "sha1-LaCJzLGLM+w1OZFLMAsSBoSv8uA=",
      "requires": {
        "create-react-class": "^15.5.1",
        "prop-types": "^15.5.4"
      }
    },
    "reactcss": {
      "version": "1.2.3",
      "resolved": "http://artifactory.intra.xiaojukeji.com:80/artifactory/api/npm/npm/reactcss/download/reactcss-1.2.3.tgz",
      "integrity": "sha1-wAATh15Vexzw39mjaKHD2rO1SN0=",
      "requires": {
        "lodash": "^4.0.1"
      }
    },
    "redux": {
      "version": "4.0.5",
      "resolved": "http://artifactory.intra.xiaojukeji.com:80/artifactory/api/npm/npm/redux/download/redux-4.0.5.tgz",
      "integrity": "sha1-TbXeWBbheJHeioDEJCMtBvBR2T8=",
      "requires": {
        "loose-envify": "^1.4.0",
        "symbol-observable": "^1.2.0"
      }
    },
    "regenerator-runtime": {
      "version": "0.13.7",
      "resolved": "http://artifactory.intra.xiaojukeji.com:80/artifactory/api/npm/npm/regenerator-runtime/download/regenerator-runtime-0.13.7.tgz",
      "integrity": "sha1-ysLazIoepnX+qrrriugziYrkb1U="
    },
    "resolve-pathname": {
      "version": "2.2.0",
      "resolved": "http://artifactory.intra.xiaojukeji.com:80/artifactory/api/npm/npm/resolve-pathname/download/resolve-pathname-2.2.0.tgz",
      "integrity": "sha1-fpriHtgV/WOrGJre7mTcgx7vqHk="
    },
    "rmc-feedback": {
      "version": "2.0.0",
      "resolved": "http://artifactory.intra.xiaojukeji.com:80/artifactory/api/npm/npm/rmc-feedback/download/rmc-feedback-2.0.0.tgz",
      "integrity": "sha1-y8bLOuY8emNe7w4l5PuvWsNm7qo=",
      "requires": {
        "babel-runtime": "6.x",
        "classnames": "^2.2.5"
      }
    },
    "safer-buffer": {
      "version": "2.1.2",
      "resolved": "http://artifactory.intra.xiaojukeji.com:80/artifactory/api/npm/npm/safer-buffer/download/safer-buffer-2.1.2.tgz",
      "integrity": "sha1-RPoWGwGHuVSd2Eu5GAL5vYOFzWo="
    },
    "scheduler": {
      "version": "0.20.1",
      "resolved": "http://artifactory.intra.xiaojukeji.com:80/artifactory/api/npm/npm/scheduler/download/scheduler-0.20.1.tgz",
      "integrity": "sha1-2guQfiQCawEYHsvHXv3H8ntaAAw=",
      "requires": {
        "loose-envify": "^1.1.0",
        "object-assign": "^4.1.1"
      }
    },
    "setimmediate": {
      "version": "1.0.5",
      "resolved": "http://artifactory.intra.xiaojukeji.com:80/artifactory/api/npm/npm/setimmediate/download/setimmediate-1.0.5.tgz",
      "integrity": "sha1-KQy7Iy4waULX1+qbg3Mqt4VvgoU="
    },
    "shallowequal": {
      "version": "1.1.0",
      "resolved": "http://artifactory.intra.xiaojukeji.com:80/artifactory/api/npm/npm/shallowequal/download/shallowequal-1.1.0.tgz",
      "integrity": "sha1-GI1SHelbkIdAT9TctosT3wrk5/g="
    },
    "sortablejs": {
      "version": "1.10.0",
      "resolved": "http://artifactory.intra.xiaojukeji.com:80/artifactory/api/npm/npm/sortablejs/download/sortablejs-1.10.0.tgz",
      "integrity": "sha1-DrwFSs/ySGVpGUovl1srFF3V59Y="
    },
    "symbol-observable": {
      "version": "1.2.0",
      "resolved": "http://artifactory.intra.xiaojukeji.com:80/artifactory/api/npm/npm/symbol-observable/download/symbol-observable-1.2.0.tgz",
      "integrity": "sha1-wiaIrtTqs83C3+rLtWFmBWCgCAQ="
    },
    "tinycolor2": {
      "version": "1.4.2",
      "resolved": "http://artifactory.intra.xiaojukeji.com:80/artifactory/api/npm/npm/tinycolor2/download/tinycolor2-1.4.2.tgz",
      "integrity": "sha1-P2pNEHGtB2dtf6Ry4frECnGdiAM="
    },
    "tinymce": {
      "version": "5.4.2",
      "resolved": "http://artifactory.intra.xiaojukeji.com:80/artifactory/api/npm/npm/tinymce/download/tinymce-5.4.2.tgz",
      "integrity": "sha1-od9BfqfoVpfCkyJp9/k/vvMNRQI="
    },
    "toggle-selection": {
      "version": "1.0.6",
      "resolved": "http://artifactory.intra.xiaojukeji.com:80/artifactory/api/npm/npm/toggle-selection/download/toggle-selection-1.0.6.tgz",
      "integrity": "sha1-bkWxJj8gF/oKzH2J14sVuL932jI="
    },
    "tslib": {
      "version": "1.14.1",
      "resolved": "http://artifactory.intra.xiaojukeji.com:80/artifactory/api/npm/npm/tslib/download/tslib-1.14.1.tgz",
      "integrity": "sha1-zy04vcNKE0vK8QkcQfZhni9nLQA="
    },
    "ua-parser-js": {
      "version": "0.7.22",
      "resolved": "http://artifactory.intra.xiaojukeji.com:80/artifactory/api/npm/npm/ua-parser-js/download/ua-parser-js-0.7.22.tgz",
      "integrity": "sha1-lg32Cl+RHqjxyBjzdHuZxuF36uM="
    },
    "uncontrollable": {
      "version": "7.0.2",
      "resolved": "http://artifactory.intra.xiaojukeji.com:80/artifactory/api/npm/npm/uncontrollable/download/uncontrollable-7.0.2.tgz",
      "integrity": "sha1-jI/E0EwsE6jLRjmRg4yjAWlFR18=",
      "requires": {
        "@babel/runtime": "^7.4.5",
        "invariant": "^2.2.4",
        "react-lifecycles-compat": "^3.0.4"
      }
    },
    "url-toolkit": {
      "version": "2.2.1",
      "resolved": "http://artifactory.intra.xiaojukeji.com:80/artifactory/api/npm/npm/url-toolkit/download/url-toolkit-2.2.1.tgz",
      "integrity": "sha1-iQCe09YqNXTeB5UypyZsFNLMHE8="
    },
    "value-equal": {
      "version": "0.4.0",
      "resolved": "http://artifactory.intra.xiaojukeji.com:80/artifactory/api/npm/npm/value-equal/download/value-equal-0.4.0.tgz",
      "integrity": "sha1-xb3S9U7gk8BIOdcc4uR1imiQq8c="
    },
    "video-react": {
      "version": "0.14.1",
      "resolved": "http://artifactory.intra.xiaojukeji.com:80/artifactory/api/npm/npm/video-react/download/video-react-0.14.1.tgz",
      "integrity": "sha1-Sax7GfHQOcCz6+yC+BIkvC+ovfE=",
      "requires": {
        "@babel/runtime": "^7.4.5",
        "classnames": "^2.2.6",
        "lodash.throttle": "^4.1.1",
        "prop-types": "^15.7.2",
        "redux": "^4.0.1"
      },
      "dependencies": {
        "classnames": {
          "version": "2.2.6",
          "resolved": "http://artifactory.intra.xiaojukeji.com:80/artifactory/api/npm/npm/classnames/download/classnames-2.2.6.tgz",
          "integrity": "sha1-Q5Nb/90pHzJtrQogUwmzjQD2UM4="
        }
      }
    },
    "warning": {
      "version": "3.0.0",
      "resolved": "http://artifactory.intra.xiaojukeji.com:80/artifactory/api/npm/npm/warning/download/warning-3.0.0.tgz",
      "integrity": "sha1-MuU3fLVy3kqwR1O9+IIcAe1gW3w=",
      "requires": {
        "loose-envify": "^1.0.0"
      }
    },
    "webworkify": {
      "version": "1.5.0",
      "resolved": "http://artifactory.intra.xiaojukeji.com:80/artifactory/api/npm/npm/webworkify/download/webworkify-1.5.0.tgz",
      "integrity": "sha1-c0rYendN5uvdVG4dPgJ9pbj0pCw="
    },
    "whatwg-fetch": {
      "version": "3.4.1",
      "resolved": "http://artifactory.intra.xiaojukeji.com:80/artifactory/api/npm/npm/whatwg-fetch/download/whatwg-fetch-3.4.1.tgz",
      "integrity": "sha1-5fhxVy1oeWY/pWdMj4M/FahCWrM="
    },
    "zrender": {
      "version": "4.3.2",
      "resolved": "http://artifactory.intra.xiaojukeji.com:80/artifactory/api/npm/npm/zrender/download/zrender-4.3.2.tgz",
      "integrity": "sha1-7HQy+UFcgsc1hLa3uMR+GwFiCcY="
    }
  }
}
